
Microsoft Visual Studio Solution File, Format Version 12.00
# Visual Studio Version 17
VisualStudioVersion = 17.0.31903.59
MinimumVisualStudioVersion = 10.0.40219.1
Project("{2150E333-8FDC-42A3-9474-1A3956D46DE8}") = "src", "src", "{827E0CD3-B72D-47B6-A68D-7590B98EB39B}"
EndProject
Project("{FAE04EC0-301F-11D3-BF4B-00C04F79EFBC}") = "Proxy", "src\Proxy\Proxy.csproj", "{952AA09E-21F5-43C5-9E4D-C31E328F8589}"
EndProject
Project("{FAE04EC0-301F-11D3-BF4B-00C04F79EFBC}") = "Proxy.Tests", "tests\Proxy.Tests\Proxy.Tests.csproj", "{44CFF971-1B8A-41B8-A9BB-12DFD50882DC}"
EndProject
Global
	GlobalSection(SolutionConfigurationPlatforms) = preSolution
		Debug|Any CPU = Debug|Any CPU
		Debug|x64 = Debug|x64
		Debug|x86 = Debug|x86
		Release|Any CPU = Release|Any CPU
		Release|x64 = Release|x64
		Release|x86 = Release|x86
	EndGlobalSection
	GlobalSection(ProjectConfigurationPlatforms) = postSolution
		{952AA09E-21F5-43C5-9E4D-C31E328F8589}.Debug|Any CPU.ActiveCfg = Debug|Any CPU
		{952AA09E-21F5-43C5-9E4D-C31E328F8589}.Debug|Any CPU.Build.0 = Debug|Any CPU
		{952AA09E-21F5-43C5-9E4D-C31E328F8589}.Debug|x64.ActiveCfg = Debug|Any CPU
		{952AA09E-21F5-43C5-9E4D-C31E328F8589}.Debug|x64.Build.0 = Debug|Any CPU
		{952AA09E-21F5-43C5-9E4D-C31E328F8589}.Debug|x86.ActiveCfg = Debug|Any CPU
		{952AA09E-21F5-43C5-9E4D-C31E328F8589}.Debug|x86.Build.0 = Debug|Any CPU
		{952AA09E-21F5-43C5-9E4D-C31E328F8589}.Release|Any CPU.ActiveCfg = Release|Any CPU
		{952AA09E-21F5-43C5-9E4D-C31E328F8589}.Release|Any CPU.Build.0 = Release|Any CPU
		{952AA09E-21F5-43C5-9E4D-C31E328F8589}.Release|x64.ActiveCfg = Release|Any CPU
		{952AA09E-21F5-43C5-9E4D-C31E328F8589}.Release|x64.Build.0 = Release|Any CPU
		{952AA09E-21F5-43C5-9E4D-C31E328F8589}.Release|x86.ActiveCfg = Release|Any CPU
		{952AA09E-21F5-43C5-9E4D-C31E328F8589}.Release|x86.Build.0 = Release|Any CPU
		{44CFF971-1B8A-41B8-A9BB-12DFD50882DC}.Debug|Any CPU.ActiveCfg = Debug|Any CPU
		{44CFF971-1B8A-41B8-A9BB-12DFD50882DC}.Debug|Any CPU.Build.0 = Debug|Any CPU
		{44CFF971-1B8A-41B8-A9BB-12DFD50882DC}.Debug|x64.ActiveCfg = Debug|Any CPU
		{44CFF971-1B8A-41B8-A9BB-12DFD50882DC}.Debug|x64.Build.0 = Debug|Any CPU
		{44CFF971-1B8A-41B8-A9BB-12DFD50882DC}.Debug|x86.ActiveCfg = Debug|Any CPU
		{44CFF971-1B8A-41B8-A9BB-12DFD50882DC}.Debug|x86.Build.0 = Debug|Any CPU
		{44CFF971-1B8A-41B8-A9BB-12DFD50882DC}.Release|Any CPU.ActiveCfg = Release|Any CPU
		{44CFF971-1B8A-41B8-A9BB-12DFD50882DC}.Release|Any CPU.Build.0 = Release|Any CPU
		{44CFF971-1B8A-41B8-A9BB-12DFD50882DC}.Release|x64.ActiveCfg = Release|Any CPU
		{44CFF971-1B8A-41B8-A9BB-12DFD50882DC}.Release|x64.Build.0 = Release|Any CPU
		{44CFF971-1B8A-41B8-A9BB-12DFD50882DC}.Release|x86.ActiveCfg = Release|Any CPU
		{44CFF971-1B8A-41B8-A9BB-12DFD50882DC}.Release|x86.Build.0 = Release|Any CPU
	EndGlobalSection
	GlobalSection(SolutionProperties) = preSolution
		HideSolutionNode = FALSE
	EndGlobalSection
	GlobalSection(NestedProjects) = preSolution
		{952AA09E-21F5-43C5-9E4D-C31E328F8589} = {827E0CD3-B72D-47B6-A68D-7590B98EB39B}
		{44CFF971-1B8A-41B8-A9BB-12DFD50882DC} = {827E0CD3-B72D-47B6-A68D-7590B98EB39B}
	EndGlobalSection
EndGlobal
